
Microsoft Visual Studio Solution File, Format Version 12.00
# Visual Studio Version 17
VisualStudioVersion = 17.13.35825.156 d17.13
MinimumVisualStudioVersion = 10.0.40219.1
Project("{FAE04EC0-301F-11D3-BF4B-00C04F79EFBC}") = "halısaha", "halısaha\halısaha.csproj", "{130D153F-9FAD-42FE-AE54-865AED99718C}"
EndProject
Global
	GlobalSection(SolutionConfigurationPlatforms) = preSolution
		Debug|Any CPU = Debug|Any CPU
		Release|Any CPU = Release|Any CPU
	EndGlobalSection
	GlobalSection(ProjectConfigurationPlatforms) = postSolution
		{130D153F-9FAD-42FE-AE54-865AED99718C}.Debug|Any CPU.ActiveCfg = Debug|Any CPU
		{130D153F-9FAD-42FE-AE54-865AED99718C}.Debug|Any CPU.Build.0 = Debug|Any CPU
		{130D153F-9FAD-42FE-AE54-865AED99718C}.Release|Any CPU.ActiveCfg = Release|Any CPU
		{130D153F-9FAD-42FE-AE54-865AED99718C}.Release|Any CPU.Build.0 = Release|Any CPU
	EndGlobalSection
	GlobalSection(SolutionProperties) = preSolution
		HideSolutionNode = FALSE
	EndGlobalSection
	GlobalSection(ExtensibilityGlobals) = postSolution
		SolutionGuid = {13643E1B-8F32-44BF-B617-F2F0EBDAA212}
	EndGlobalSection
EndGlobal
